
Microsoft Visual Studio Solution File, Format Version 12.00
# Visual Studio Version 17
VisualStudioVersion = 17.11.35327.3
MinimumVisualStudioVersion = 10.0.40219.1
Project("{E53339B2-1760-4266-BCC7-CA923CBCF16C}") = "docker-compose", "docker-compose.dcproj", "{920F1C06-0876-4489-B4AD-12A519400890}"
EndProject
Project("{FAE04EC0-301F-11D3-BF4B-00C04F79EFBC}") = "CustodialWallet.Domain", "CustodialWallet.Domain\CustodialWallet.Domain.csproj", "{057FE48B-0262-4C4F-A768-7359EFEDFDC8}"
EndProject
Project("{FAE04EC0-301F-11D3-BF4B-00C04F79EFBC}") = "CustodialWallet.Application", "CustodialWallet.Application\CustodialWallet.Application.csproj", "{D45CFC64-6910-4A1B-8914-EBFB3C6C852C}"
EndProject
Project("{FAE04EC0-301F-11D3-BF4B-00C04F79EFBC}") = "CustodialWallet.Infostructure", "CustodialWallet.Infostructure\CustodialWallet.Infostructure.csproj", "{4F5F809F-0150-4F6C-9CDC-8B177995C94E}"
EndProject
Project("{9A19103F-16F7-4668-BE54-9A1E7A4F7556}") = "CustodialWallet.API", "CustodialWallet.API\CustodialWallet.API.csproj", "{5BC23127-6792-4433-9341-C5640FA8B024}"
EndProject
Global
	GlobalSection(SolutionConfigurationPlatforms) = preSolution
		Debug|Any CPU = Debug|Any CPU
		Release|Any CPU = Release|Any CPU
	EndGlobalSection
	GlobalSection(ProjectConfigurationPlatforms) = postSolution
		{920F1C06-0876-4489-B4AD-12A519400890}.Debug|Any CPU.ActiveCfg = Debug|Any CPU
		{920F1C06-0876-4489-B4AD-12A519400890}.Debug|Any CPU.Build.0 = Debug|Any CPU
		{920F1C06-0876-4489-B4AD-12A519400890}.Release|Any CPU.ActiveCfg = Release|Any CPU
		{920F1C06-0876-4489-B4AD-12A519400890}.Release|Any CPU.Build.0 = Release|Any CPU
		{057FE48B-0262-4C4F-A768-7359EFEDFDC8}.Debug|Any CPU.ActiveCfg = Debug|Any CPU
		{057FE48B-0262-4C4F-A768-7359EFEDFDC8}.Debug|Any CPU.Build.0 = Debug|Any CPU
		{057FE48B-0262-4C4F-A768-7359EFEDFDC8}.Release|Any CPU.ActiveCfg = Release|Any CPU
		{057FE48B-0262-4C4F-A768-7359EFEDFDC8}.Release|Any CPU.Build.0 = Release|Any CPU
		{D45CFC64-6910-4A1B-8914-EBFB3C6C852C}.Debug|Any CPU.ActiveCfg = Debug|Any CPU
		{D45CFC64-6910-4A1B-8914-EBFB3C6C852C}.Debug|Any CPU.Build.0 = Debug|Any CPU
		{D45CFC64-6910-4A1B-8914-EBFB3C6C852C}.Release|Any CPU.ActiveCfg = Release|Any CPU
		{D45CFC64-6910-4A1B-8914-EBFB3C6C852C}.Release|Any CPU.Build.0 = Release|Any CPU
		{4F5F809F-0150-4F6C-9CDC-8B177995C94E}.Debug|Any CPU.ActiveCfg = Debug|Any CPU
		{4F5F809F-0150-4F6C-9CDC-8B177995C94E}.Debug|Any CPU.Build.0 = Debug|Any CPU
		{4F5F809F-0150-4F6C-9CDC-8B177995C94E}.Release|Any CPU.ActiveCfg = Release|Any CPU
		{4F5F809F-0150-4F6C-9CDC-8B177995C94E}.Release|Any CPU.Build.0 = Release|Any CPU
		{5BC23127-6792-4433-9341-C5640FA8B024}.Debug|Any CPU.ActiveCfg = Debug|Any CPU
		{5BC23127-6792-4433-9341-C5640FA8B024}.Debug|Any CPU.Build.0 = Debug|Any CPU
		{5BC23127-6792-4433-9341-C5640FA8B024}.Release|Any CPU.ActiveCfg = Release|Any CPU
		{5BC23127-6792-4433-9341-C5640FA8B024}.Release|Any CPU.Build.0 = Release|Any CPU
	EndGlobalSection
	GlobalSection(SolutionProperties) = preSolution
		HideSolutionNode = FALSE
	EndGlobalSection
	GlobalSection(ExtensibilityGlobals) = postSolution
		SolutionGuid = {3B9116EE-B02A-4FFD-9DE3-D669DF9546D9}
	EndGlobalSection
EndGlobal
